{
  "pins" : [
    {
      "identity" : "ios-shared-package",
      "kind" : "remoteSourceControl",
      "location" : "https://github.com/minhtien1403/ios-shared-package",
      "state" : {
        "branch" : "master",
        "revision" : "2615362603fe1310ae6263a8986dfdd1f4ae25c1"
      }
    }
  ],
  "version" : 2
}
